
Microsoft Visual Studio Solution File, Format Version 12.00
# Visual Studio Version 17
VisualStudioVersion = 17.5.33502.453
MinimumVisualStudioVersion = 10.0.40219.1
Project("{FAE04EC0-301F-11D3-BF4B-00C04F79EFBC}") = "SecureCrypt", "SecureCrypt.csproj", "{5F5138FB-4274-4DFE-9FC7-75559E383CA1}"
EndProject
Global
	GlobalSection(SolutionConfigurationPlatforms) = preSolution
		Debug|Any CPU = Debug|Any CPU
		Release|Any CPU = Release|Any CPU
	EndGlobalSection
	GlobalSection(ProjectConfigurationPlatforms) = postSolution
		{5F5138FB-4274-4DFE-9FC7-75559E383CA1}.Debug|Any CPU.ActiveCfg = Debug|Any CPU
		{5F5138FB-4274-4DFE-9FC7-75559E383CA1}.Debug|Any CPU.Build.0 = Debug|Any CPU
		{5F5138FB-4274-4DFE-9FC7-75559E383CA1}.Release|Any CPU.ActiveCfg = Release|Any CPU
		{5F5138FB-4274-4DFE-9FC7-75559E383CA1}.Release|Any CPU.Build.0 = Release|Any CPU
	EndGlobalSection
	GlobalSection(SolutionProperties) = preSolution
		HideSolutionNode = FALSE
	EndGlobalSection
	GlobalSection(ExtensibilityGlobals) = postSolution
		SolutionGuid = {436E597A-FC83-420E-A128-B89A78D42368}
	EndGlobalSection
EndGlobal
